
Microsoft Visual Studio Solution File, Format Version 12.00
# Visual Studio 2012
Project("{FAE04EC0-301F-11D3-BF4B-00C04F79EFBC}") = "Labo.Common", "Labo.Common\Labo.Common.csproj", "{D26F97AD-FE8C-4E37-B84F-463EFCD0464F}"
EndProject
Project("{FAE04EC0-301F-11D3-BF4B-00C04F79EFBC}") = "Labo.Common.Web", "Labo.Common.Web\Labo.Common.Web.csproj", "{19E16B4F-A9C7-4AAD-8D27-EE6EED5AD81E}"
EndProject
Project("{FAE04EC0-301F-11D3-BF4B-00C04F79EFBC}") = "Labo.Common.Tests", "Labo.Common.Test\Labo.Common.Tests.csproj", "{A3FD6021-7885-409F-B0DD-4CE86F1EF4A4}"
EndProject
Project("{2150E333-8FDC-42A3-9474-1A3956D46DE8}") = ".nuget", ".nuget", "{5C5954E4-339C-42AB-B6F3-2E5BFCF9FAE4}"
	ProjectSection(SolutionItems) = preProject
		.nuget\NuGet.Config = .nuget\NuGet.Config
		.nuget\NuGet.exe = .nuget\NuGet.exe
		.nuget\NuGet.targets = .nuget\NuGet.targets
	EndProjectSection
EndProject
Project("{2150E333-8FDC-42A3-9474-1A3956D46DE8}") = "Tests", "Tests", "{21DF8566-0919-4866-AF88-6607907AA6FD}"
EndProject
Project("{FAE04EC0-301F-11D3-BF4B-00C04F79EFBC}") = "Labo.Common.NET4", "Labo.Common.NET4\Labo.Common.NET4.csproj", "{095D831B-A8D4-4682-A507-D47AB556D925}"
EndProject
Global
	GlobalSection(SolutionConfigurationPlatforms) = preSolution
		Debug|Any CPU = Debug|Any CPU
		Release|Any CPU = Release|Any CPU
	EndGlobalSection
	GlobalSection(ProjectConfigurationPlatforms) = postSolution
		{D26F97AD-FE8C-4E37-B84F-463EFCD0464F}.Debug|Any CPU.ActiveCfg = Debug|Any CPU
		{D26F97AD-FE8C-4E37-B84F-463EFCD0464F}.Debug|Any CPU.Build.0 = Debug|Any CPU
		{D26F97AD-FE8C-4E37-B84F-463EFCD0464F}.Release|Any CPU.ActiveCfg = Release|Any CPU
		{D26F97AD-FE8C-4E37-B84F-463EFCD0464F}.Release|Any CPU.Build.0 = Release|Any CPU
		{19E16B4F-A9C7-4AAD-8D27-EE6EED5AD81E}.Debug|Any CPU.ActiveCfg = Debug|Any CPU
		{19E16B4F-A9C7-4AAD-8D27-EE6EED5AD81E}.Debug|Any CPU.Build.0 = Debug|Any CPU
		{19E16B4F-A9C7-4AAD-8D27-EE6EED5AD81E}.Release|Any CPU.ActiveCfg = Release|Any CPU
		{19E16B4F-A9C7-4AAD-8D27-EE6EED5AD81E}.Release|Any CPU.Build.0 = Release|Any CPU
		{A3FD6021-7885-409F-B0DD-4CE86F1EF4A4}.Debug|Any CPU.ActiveCfg = Debug|Any CPU
		{A3FD6021-7885-409F-B0DD-4CE86F1EF4A4}.Debug|Any CPU.Build.0 = Debug|Any CPU
		{A3FD6021-7885-409F-B0DD-4CE86F1EF4A4}.Release|Any CPU.ActiveCfg = Release|Any CPU
		{A3FD6021-7885-409F-B0DD-4CE86F1EF4A4}.Release|Any CPU.Build.0 = Release|Any CPU
		{095D831B-A8D4-4682-A507-D47AB556D925}.Debug|Any CPU.ActiveCfg = Debug|Any CPU
		{095D831B-A8D4-4682-A507-D47AB556D925}.Debug|Any CPU.Build.0 = Debug|Any CPU
		{095D831B-A8D4-4682-A507-D47AB556D925}.Release|Any CPU.ActiveCfg = Release|Any CPU
		{095D831B-A8D4-4682-A507-D47AB556D925}.Release|Any CPU.Build.0 = Release|Any CPU
	EndGlobalSection
	GlobalSection(SolutionProperties) = preSolution
		HideSolutionNode = FALSE
	EndGlobalSection
	GlobalSection(NestedProjects) = preSolution
		{A3FD6021-7885-409F-B0DD-4CE86F1EF4A4} = {21DF8566-0919-4866-AF88-6607907AA6FD}
	EndGlobalSection
	GlobalSection(Performance) = preSolution
		HasPerformanceSessions = true
	EndGlobalSection
EndGlobal
