
Microsoft Visual Studio Solution File, Format Version 12.00
# Visual Studio 2012
Project("{FAE04EC0-301F-11D3-BF4B-00C04F79EFBC}") = "Labo.Common", "Labo.Common\Labo.Common.csproj", "{D26F97AD-FE8C-4E37-B84F-463EFCD0464F}"
EndProject
Project("{FAE04EC0-301F-11D3-BF4B-00C04F79EFBC}") = "Labo.Common.Web", "Labo.Common.Web\Labo.Common.Web.csproj", "{19E16B4F-A9C7-4AAD-8D27-EE6EED5AD81E}"
EndProject
Project("{FAE04EC0-301F-11D3-BF4B-00C04F79EFBC}") = "Labo.Common.Tests", "Labo.Common.Test\Labo.Common.Tests.csproj", "{A3FD6021-7885-409F-B0DD-4CE86F1EF4A4}"
EndProject
Project("{2150E333-8FDC-42A3-9474-1A3956D46DE8}") = ".nuget", ".nuget", "{5C5954E4-339C-42AB-B6F3-2E5BFCF9FAE4}"
	ProjectSection(SolutionItems) = preProject
		.nuget\NuGet.Config = .nuget\NuGet.Config
		.nuget\NuGet.exe = .nuget\NuGet.exe
		.nuget\NuGet.targets = .nuget\NuGet.targets
	EndProjectSection
EndProject
Project("{FAE04EC0-301F-11D3-BF4B-00C04F79EFBC}") = "Labo.Common.Ioc", "Labo.Common.Ioc\Labo.Common.Ioc.csproj", "{D42706DE-715E-463E-86B9-41287191DEEB}"
EndProject
Project("{2150E333-8FDC-42A3-9474-1A3956D46DE8}") = "Tests", "Tests", "{21DF8566-0919-4866-AF88-6607907AA6FD}"
EndProject
Project("{FAE04EC0-301F-11D3-BF4B-00C04F79EFBC}") = "Labo.Common.Ioc.Tests", "Labo.Common.Ioc.Tests\Labo.Common.Ioc.Tests.csproj", "{F567F7A9-433F-43FB-B3A8-44E4DBD7538E}"
EndProject
Project("{FAE04EC0-301F-11D3-BF4B-00C04F79EFBC}") = "Labo.Common.Ioc.Autofac", "Labo.Common.Ioc.Autofac\Labo.Common.Ioc.Autofac.csproj", "{2EF836F8-533E-4A39-9D58-E3B92709B9DB}"
EndProject
Project("{FAE04EC0-301F-11D3-BF4B-00C04F79EFBC}") = "Labo.Common.Ioc.SimpleInjector", "Labo.Common.Ioc.SimpleInjector\Labo.Common.Ioc.SimpleInjector.csproj", "{043A3435-8E36-4AA5-AB47-8FB490CD2D6D}"
EndProject
Project("{FAE04EC0-301F-11D3-BF4B-00C04F79EFBC}") = "Labo.Common.Ioc.Windsor", "Labo.Common.Ioc.Windsor\Labo.Common.Ioc.Windsor.csproj", "{CD673A04-8216-4172-B753-48E065383C14}"
EndProject
Project("{FAE04EC0-301F-11D3-BF4B-00C04F79EFBC}") = "Labo.Common.Ioc.Unity", "Labo.Common.Ioc.Unity\Labo.Common.Ioc.Unity.csproj", "{A8D7E36F-0711-4BDF-9425-0B718FD41DCB}"
EndProject
Project("{FAE04EC0-301F-11D3-BF4B-00C04F79EFBC}") = "Labo.Common.Ioc.NInject", "Labo.Common.Ioc.NInject\Labo.Common.Ioc.NInject.csproj", "{098EC3DB-EBA6-4BE0-A5DC-DE0BE51A825C}"
EndProject
Project("{FAE04EC0-301F-11D3-BF4B-00C04F79EFBC}") = "Labo.Common.Ioc.StructureMap", "Labo.Common.Ioc.StructureMap\Labo.Common.Ioc.StructureMap.csproj", "{D5458F81-BDB8-4686-9C40-8F7207DB1E6A}"
EndProject
Project("{FAE04EC0-301F-11D3-BF4B-00C04F79EFBC}") = "Labo.Common.Ioc.LinFu", "Labo.Common.Ioc.LinFu\Labo.Common.Ioc.LinFu.csproj", "{BAB0B395-E3B3-4E70-9F66-08F5AF520C56}"
EndProject
Project("{FAE04EC0-301F-11D3-BF4B-00C04F79EFBC}") = "Labo.Common.Ioc.Munq", "Labo.Common.Ioc.Munq\Labo.Common.Ioc.Munq.csproj", "{42D2D5B7-119D-4AF2-A013-D91E1B1F014E}"
EndProject
Project("{FAE04EC0-301F-11D3-BF4B-00C04F79EFBC}") = "Labo.Common.Ioc.Funq", "Labo.Common.Ioc.Funq\Labo.Common.Ioc.Funq.csproj", "{37F2DC18-665A-4A35-B2D7-9B4923FD91F3}"
EndProject
Project("{FAE04EC0-301F-11D3-BF4B-00C04F79EFBC}") = "Labo.Common.Ioc.Dynamo", "Labo.Common.Ioc.Dynamo\Labo.Common.Ioc.Dynamo.csproj", "{BCD721B8-722F-47EB-A115-6779311ACBBC}"
EndProject
Project("{FAE04EC0-301F-11D3-BF4B-00C04F79EFBC}") = "Labo.Common.Ioc.TinyIoc", "Labo.Common.Ioc.TinyIoc\Labo.Common.Ioc.TinyIoc.csproj", "{781B12C0-4053-48D5-A785-161E22FD30E4}"
EndProject
Project("{FAE04EC0-301F-11D3-BF4B-00C04F79EFBC}") = "Labo.Common.Ioc.Petite", "Labo.Common.Ioc.Petite\Labo.Common.Ioc.Petite.csproj", "{B53DBDCA-5F70-4042-9E48-C3EF6FBB3740}"
EndProject
Project("{FAE04EC0-301F-11D3-BF4B-00C04F79EFBC}") = "Labo.Common.Ioc.Mugen", "Labo.Common.Ioc.Mugen\Labo.Common.Ioc.Mugen.csproj", "{23B99090-B9AD-460E-B92D-EF83F9BF87EC}"
EndProject
Project("{FAE04EC0-301F-11D3-BF4B-00C04F79EFBC}") = "Labo.Common.Ioc.LightInject", "Labo.Common.Ioc.LightInject\Labo.Common.Ioc.LightInject.csproj", "{14DE7087-F696-4CB0-A725-8E19CFBEEB25}"
EndProject
Project("{FAE04EC0-301F-11D3-BF4B-00C04F79EFBC}") = "Labo.Common.Ioc.LightCore", "Labo.Common.Ioc.LightCore\Labo.Common.Ioc.LightCore.csproj", "{C02C333F-36A3-438A-A7E4-F962D173514A}"
EndProject
Project("{FAE04EC0-301F-11D3-BF4B-00C04F79EFBC}") = "Labo.Common.Ioc.IfInjector", "Labo.Common.Ioc.IfInjector\Labo.Common.Ioc.IfInjector.csproj", "{29FCF85E-CC55-4C7B-A832-6F29C422EE5D}"
EndProject
Project("{FAE04EC0-301F-11D3-BF4B-00C04F79EFBC}") = "Labo.Common.Ioc.Hiro", "Labo.Common.Ioc.Hiro\Labo.Common.Ioc.Hiro.csproj", "{3D7145B5-9DAD-4545-8EDA-2CEC7C7CD84D}"
EndProject
Project("{FAE04EC0-301F-11D3-BF4B-00C04F79EFBC}") = "Labo.Common.Ioc.HaveBox", "Labo.Common.Ioc.HaveBox\Labo.Common.Ioc.HaveBox.csproj", "{9DFF95EF-2C66-4F6B-8C95-AA26085A1ACC}"
EndProject
Project("{FAE04EC0-301F-11D3-BF4B-00C04F79EFBC}") = "Labo.Common.Ioc.Griffin", "Labo.Common.Ioc.Griffin\Labo.Common.Ioc.Griffin.csproj", "{5C3A13A8-40A5-4561-80EA-FDD5A4C50C07}"
EndProject
Project("{FAE04EC0-301F-11D3-BF4B-00C04F79EFBC}") = "Labo.Common.Ioc.FFastInjector", "Labo.Common.Ioc.fFastInjector\Labo.Common.Ioc.FFastInjector.csproj", "{5A3459BD-CC93-419E-AAD8-E66ADF17C3AF}"
EndProject
Project("{FAE04EC0-301F-11D3-BF4B-00C04F79EFBC}") = "Labo.Common.Ioc.Catel", "Labo.Common.Ioc.Catel\Labo.Common.Ioc.Catel.csproj", "{AB6DB19D-82C8-423B-A4EB-DBB4B63CE083}"
EndProject
Project("{2150E333-8FDC-42A3-9474-1A3956D46DE8}") = "Ioc", "Ioc", "{6157B372-48C6-41F8-BCFE-C24D09386C9F}"
EndProject
Project("{FAE04EC0-301F-11D3-BF4B-00C04F79EFBC}") = "Labo.Common.Ioc.Speedioc", "Labo.Common.Ioc.Speedioc\Labo.Common.Ioc.Speedioc.csproj", "{E197B320-67E5-4622-A864-4FAA221EF36E}"
EndProject
Global
	GlobalSection(SolutionConfigurationPlatforms) = preSolution
		Debug|Any CPU = Debug|Any CPU
		Release|Any CPU = Release|Any CPU
	EndGlobalSection
	GlobalSection(ProjectConfigurationPlatforms) = postSolution
		{D26F97AD-FE8C-4E37-B84F-463EFCD0464F}.Debug|Any CPU.ActiveCfg = Debug|Any CPU
		{D26F97AD-FE8C-4E37-B84F-463EFCD0464F}.Debug|Any CPU.Build.0 = Debug|Any CPU
		{D26F97AD-FE8C-4E37-B84F-463EFCD0464F}.Release|Any CPU.ActiveCfg = Release|Any CPU
		{D26F97AD-FE8C-4E37-B84F-463EFCD0464F}.Release|Any CPU.Build.0 = Release|Any CPU
		{19E16B4F-A9C7-4AAD-8D27-EE6EED5AD81E}.Debug|Any CPU.ActiveCfg = Debug|Any CPU
		{19E16B4F-A9C7-4AAD-8D27-EE6EED5AD81E}.Debug|Any CPU.Build.0 = Debug|Any CPU
		{19E16B4F-A9C7-4AAD-8D27-EE6EED5AD81E}.Release|Any CPU.ActiveCfg = Release|Any CPU
		{19E16B4F-A9C7-4AAD-8D27-EE6EED5AD81E}.Release|Any CPU.Build.0 = Release|Any CPU
		{A3FD6021-7885-409F-B0DD-4CE86F1EF4A4}.Debug|Any CPU.ActiveCfg = Debug|Any CPU
		{A3FD6021-7885-409F-B0DD-4CE86F1EF4A4}.Debug|Any CPU.Build.0 = Debug|Any CPU
		{A3FD6021-7885-409F-B0DD-4CE86F1EF4A4}.Release|Any CPU.ActiveCfg = Release|Any CPU
		{A3FD6021-7885-409F-B0DD-4CE86F1EF4A4}.Release|Any CPU.Build.0 = Release|Any CPU
		{D42706DE-715E-463E-86B9-41287191DEEB}.Debug|Any CPU.ActiveCfg = Debug|Any CPU
		{D42706DE-715E-463E-86B9-41287191DEEB}.Debug|Any CPU.Build.0 = Debug|Any CPU
		{D42706DE-715E-463E-86B9-41287191DEEB}.Release|Any CPU.ActiveCfg = Release|Any CPU
		{D42706DE-715E-463E-86B9-41287191DEEB}.Release|Any CPU.Build.0 = Release|Any CPU
		{F567F7A9-433F-43FB-B3A8-44E4DBD7538E}.Debug|Any CPU.ActiveCfg = Debug|Any CPU
		{F567F7A9-433F-43FB-B3A8-44E4DBD7538E}.Debug|Any CPU.Build.0 = Debug|Any CPU
		{F567F7A9-433F-43FB-B3A8-44E4DBD7538E}.Release|Any CPU.ActiveCfg = Release|Any CPU
		{F567F7A9-433F-43FB-B3A8-44E4DBD7538E}.Release|Any CPU.Build.0 = Release|Any CPU
		{2EF836F8-533E-4A39-9D58-E3B92709B9DB}.Debug|Any CPU.ActiveCfg = Debug|Any CPU
		{2EF836F8-533E-4A39-9D58-E3B92709B9DB}.Debug|Any CPU.Build.0 = Debug|Any CPU
		{2EF836F8-533E-4A39-9D58-E3B92709B9DB}.Release|Any CPU.ActiveCfg = Release|Any CPU
		{2EF836F8-533E-4A39-9D58-E3B92709B9DB}.Release|Any CPU.Build.0 = Release|Any CPU
		{043A3435-8E36-4AA5-AB47-8FB490CD2D6D}.Debug|Any CPU.ActiveCfg = Debug|Any CPU
		{043A3435-8E36-4AA5-AB47-8FB490CD2D6D}.Debug|Any CPU.Build.0 = Debug|Any CPU
		{043A3435-8E36-4AA5-AB47-8FB490CD2D6D}.Release|Any CPU.ActiveCfg = Release|Any CPU
		{043A3435-8E36-4AA5-AB47-8FB490CD2D6D}.Release|Any CPU.Build.0 = Release|Any CPU
		{CD673A04-8216-4172-B753-48E065383C14}.Debug|Any CPU.ActiveCfg = Debug|Any CPU
		{CD673A04-8216-4172-B753-48E065383C14}.Debug|Any CPU.Build.0 = Debug|Any CPU
		{CD673A04-8216-4172-B753-48E065383C14}.Release|Any CPU.ActiveCfg = Release|Any CPU
		{CD673A04-8216-4172-B753-48E065383C14}.Release|Any CPU.Build.0 = Release|Any CPU
		{A8D7E36F-0711-4BDF-9425-0B718FD41DCB}.Debug|Any CPU.ActiveCfg = Debug|Any CPU
		{A8D7E36F-0711-4BDF-9425-0B718FD41DCB}.Debug|Any CPU.Build.0 = Debug|Any CPU
		{A8D7E36F-0711-4BDF-9425-0B718FD41DCB}.Release|Any CPU.ActiveCfg = Release|Any CPU
		{A8D7E36F-0711-4BDF-9425-0B718FD41DCB}.Release|Any CPU.Build.0 = Release|Any CPU
		{098EC3DB-EBA6-4BE0-A5DC-DE0BE51A825C}.Debug|Any CPU.ActiveCfg = Debug|Any CPU
		{098EC3DB-EBA6-4BE0-A5DC-DE0BE51A825C}.Debug|Any CPU.Build.0 = Debug|Any CPU
		{098EC3DB-EBA6-4BE0-A5DC-DE0BE51A825C}.Release|Any CPU.ActiveCfg = Release|Any CPU
		{098EC3DB-EBA6-4BE0-A5DC-DE0BE51A825C}.Release|Any CPU.Build.0 = Release|Any CPU
		{D5458F81-BDB8-4686-9C40-8F7207DB1E6A}.Debug|Any CPU.ActiveCfg = Debug|Any CPU
		{D5458F81-BDB8-4686-9C40-8F7207DB1E6A}.Debug|Any CPU.Build.0 = Debug|Any CPU
		{D5458F81-BDB8-4686-9C40-8F7207DB1E6A}.Release|Any CPU.ActiveCfg = Release|Any CPU
		{D5458F81-BDB8-4686-9C40-8F7207DB1E6A}.Release|Any CPU.Build.0 = Release|Any CPU
		{BAB0B395-E3B3-4E70-9F66-08F5AF520C56}.Debug|Any CPU.ActiveCfg = Debug|Any CPU
		{BAB0B395-E3B3-4E70-9F66-08F5AF520C56}.Debug|Any CPU.Build.0 = Debug|Any CPU
		{BAB0B395-E3B3-4E70-9F66-08F5AF520C56}.Release|Any CPU.ActiveCfg = Release|Any CPU
		{BAB0B395-E3B3-4E70-9F66-08F5AF520C56}.Release|Any CPU.Build.0 = Release|Any CPU
		{42D2D5B7-119D-4AF2-A013-D91E1B1F014E}.Debug|Any CPU.ActiveCfg = Debug|Any CPU
		{42D2D5B7-119D-4AF2-A013-D91E1B1F014E}.Debug|Any CPU.Build.0 = Debug|Any CPU
		{42D2D5B7-119D-4AF2-A013-D91E1B1F014E}.Release|Any CPU.ActiveCfg = Release|Any CPU
		{42D2D5B7-119D-4AF2-A013-D91E1B1F014E}.Release|Any CPU.Build.0 = Release|Any CPU
		{37F2DC18-665A-4A35-B2D7-9B4923FD91F3}.Debug|Any CPU.ActiveCfg = Debug|Any CPU
		{37F2DC18-665A-4A35-B2D7-9B4923FD91F3}.Debug|Any CPU.Build.0 = Debug|Any CPU
		{37F2DC18-665A-4A35-B2D7-9B4923FD91F3}.Release|Any CPU.ActiveCfg = Release|Any CPU
		{37F2DC18-665A-4A35-B2D7-9B4923FD91F3}.Release|Any CPU.Build.0 = Release|Any CPU
		{BCD721B8-722F-47EB-A115-6779311ACBBC}.Debug|Any CPU.ActiveCfg = Debug|Any CPU
		{BCD721B8-722F-47EB-A115-6779311ACBBC}.Debug|Any CPU.Build.0 = Debug|Any CPU
		{BCD721B8-722F-47EB-A115-6779311ACBBC}.Release|Any CPU.ActiveCfg = Release|Any CPU
		{BCD721B8-722F-47EB-A115-6779311ACBBC}.Release|Any CPU.Build.0 = Release|Any CPU
		{781B12C0-4053-48D5-A785-161E22FD30E4}.Debug|Any CPU.ActiveCfg = Debug|Any CPU
		{781B12C0-4053-48D5-A785-161E22FD30E4}.Debug|Any CPU.Build.0 = Debug|Any CPU
		{781B12C0-4053-48D5-A785-161E22FD30E4}.Release|Any CPU.ActiveCfg = Release|Any CPU
		{781B12C0-4053-48D5-A785-161E22FD30E4}.Release|Any CPU.Build.0 = Release|Any CPU
		{B53DBDCA-5F70-4042-9E48-C3EF6FBB3740}.Debug|Any CPU.ActiveCfg = Debug|Any CPU
		{B53DBDCA-5F70-4042-9E48-C3EF6FBB3740}.Debug|Any CPU.Build.0 = Debug|Any CPU
		{B53DBDCA-5F70-4042-9E48-C3EF6FBB3740}.Release|Any CPU.ActiveCfg = Release|Any CPU
		{B53DBDCA-5F70-4042-9E48-C3EF6FBB3740}.Release|Any CPU.Build.0 = Release|Any CPU
		{23B99090-B9AD-460E-B92D-EF83F9BF87EC}.Debug|Any CPU.ActiveCfg = Debug|Any CPU
		{23B99090-B9AD-460E-B92D-EF83F9BF87EC}.Debug|Any CPU.Build.0 = Debug|Any CPU
		{23B99090-B9AD-460E-B92D-EF83F9BF87EC}.Release|Any CPU.ActiveCfg = Release|Any CPU
		{23B99090-B9AD-460E-B92D-EF83F9BF87EC}.Release|Any CPU.Build.0 = Release|Any CPU
		{14DE7087-F696-4CB0-A725-8E19CFBEEB25}.Debug|Any CPU.ActiveCfg = Debug|Any CPU
		{14DE7087-F696-4CB0-A725-8E19CFBEEB25}.Debug|Any CPU.Build.0 = Debug|Any CPU
		{14DE7087-F696-4CB0-A725-8E19CFBEEB25}.Release|Any CPU.ActiveCfg = Release|Any CPU
		{14DE7087-F696-4CB0-A725-8E19CFBEEB25}.Release|Any CPU.Build.0 = Release|Any CPU
		{C02C333F-36A3-438A-A7E4-F962D173514A}.Debug|Any CPU.ActiveCfg = Debug|Any CPU
		{C02C333F-36A3-438A-A7E4-F962D173514A}.Debug|Any CPU.Build.0 = Debug|Any CPU
		{C02C333F-36A3-438A-A7E4-F962D173514A}.Release|Any CPU.ActiveCfg = Release|Any CPU
		{C02C333F-36A3-438A-A7E4-F962D173514A}.Release|Any CPU.Build.0 = Release|Any CPU
		{29FCF85E-CC55-4C7B-A832-6F29C422EE5D}.Debug|Any CPU.ActiveCfg = Debug|Any CPU
		{29FCF85E-CC55-4C7B-A832-6F29C422EE5D}.Debug|Any CPU.Build.0 = Debug|Any CPU
		{29FCF85E-CC55-4C7B-A832-6F29C422EE5D}.Release|Any CPU.ActiveCfg = Release|Any CPU
		{29FCF85E-CC55-4C7B-A832-6F29C422EE5D}.Release|Any CPU.Build.0 = Release|Any CPU
		{3D7145B5-9DAD-4545-8EDA-2CEC7C7CD84D}.Debug|Any CPU.ActiveCfg = Debug|Any CPU
		{3D7145B5-9DAD-4545-8EDA-2CEC7C7CD84D}.Debug|Any CPU.Build.0 = Debug|Any CPU
		{3D7145B5-9DAD-4545-8EDA-2CEC7C7CD84D}.Release|Any CPU.ActiveCfg = Release|Any CPU
		{3D7145B5-9DAD-4545-8EDA-2CEC7C7CD84D}.Release|Any CPU.Build.0 = Release|Any CPU
		{9DFF95EF-2C66-4F6B-8C95-AA26085A1ACC}.Debug|Any CPU.ActiveCfg = Debug|Any CPU
		{9DFF95EF-2C66-4F6B-8C95-AA26085A1ACC}.Debug|Any CPU.Build.0 = Debug|Any CPU
		{9DFF95EF-2C66-4F6B-8C95-AA26085A1ACC}.Release|Any CPU.ActiveCfg = Release|Any CPU
		{9DFF95EF-2C66-4F6B-8C95-AA26085A1ACC}.Release|Any CPU.Build.0 = Release|Any CPU
		{5C3A13A8-40A5-4561-80EA-FDD5A4C50C07}.Debug|Any CPU.ActiveCfg = Debug|Any CPU
		{5C3A13A8-40A5-4561-80EA-FDD5A4C50C07}.Debug|Any CPU.Build.0 = Debug|Any CPU
		{5C3A13A8-40A5-4561-80EA-FDD5A4C50C07}.Release|Any CPU.ActiveCfg = Release|Any CPU
		{5C3A13A8-40A5-4561-80EA-FDD5A4C50C07}.Release|Any CPU.Build.0 = Release|Any CPU
		{5A3459BD-CC93-419E-AAD8-E66ADF17C3AF}.Debug|Any CPU.ActiveCfg = Debug|Any CPU
		{5A3459BD-CC93-419E-AAD8-E66ADF17C3AF}.Debug|Any CPU.Build.0 = Debug|Any CPU
		{5A3459BD-CC93-419E-AAD8-E66ADF17C3AF}.Release|Any CPU.ActiveCfg = Release|Any CPU
		{5A3459BD-CC93-419E-AAD8-E66ADF17C3AF}.Release|Any CPU.Build.0 = Release|Any CPU
		{AB6DB19D-82C8-423B-A4EB-DBB4B63CE083}.Debug|Any CPU.ActiveCfg = Debug|Any CPU
		{AB6DB19D-82C8-423B-A4EB-DBB4B63CE083}.Debug|Any CPU.Build.0 = Debug|Any CPU
		{AB6DB19D-82C8-423B-A4EB-DBB4B63CE083}.Release|Any CPU.ActiveCfg = Release|Any CPU
		{AB6DB19D-82C8-423B-A4EB-DBB4B63CE083}.Release|Any CPU.Build.0 = Release|Any CPU
		{E197B320-67E5-4622-A864-4FAA221EF36E}.Debug|Any CPU.ActiveCfg = Debug|Any CPU
		{E197B320-67E5-4622-A864-4FAA221EF36E}.Debug|Any CPU.Build.0 = Debug|Any CPU
		{E197B320-67E5-4622-A864-4FAA221EF36E}.Release|Any CPU.ActiveCfg = Release|Any CPU
		{E197B320-67E5-4622-A864-4FAA221EF36E}.Release|Any CPU.Build.0 = Release|Any CPU
	EndGlobalSection
	GlobalSection(SolutionProperties) = preSolution
		HideSolutionNode = FALSE
	EndGlobalSection
	GlobalSection(NestedProjects) = preSolution
		{A3FD6021-7885-409F-B0DD-4CE86F1EF4A4} = {21DF8566-0919-4866-AF88-6607907AA6FD}
		{F567F7A9-433F-43FB-B3A8-44E4DBD7538E} = {21DF8566-0919-4866-AF88-6607907AA6FD}
		{2EF836F8-533E-4A39-9D58-E3B92709B9DB} = {6157B372-48C6-41F8-BCFE-C24D09386C9F}
		{043A3435-8E36-4AA5-AB47-8FB490CD2D6D} = {6157B372-48C6-41F8-BCFE-C24D09386C9F}
		{CD673A04-8216-4172-B753-48E065383C14} = {6157B372-48C6-41F8-BCFE-C24D09386C9F}
		{A8D7E36F-0711-4BDF-9425-0B718FD41DCB} = {6157B372-48C6-41F8-BCFE-C24D09386C9F}
		{098EC3DB-EBA6-4BE0-A5DC-DE0BE51A825C} = {6157B372-48C6-41F8-BCFE-C24D09386C9F}
		{D5458F81-BDB8-4686-9C40-8F7207DB1E6A} = {6157B372-48C6-41F8-BCFE-C24D09386C9F}
		{BAB0B395-E3B3-4E70-9F66-08F5AF520C56} = {6157B372-48C6-41F8-BCFE-C24D09386C9F}
		{42D2D5B7-119D-4AF2-A013-D91E1B1F014E} = {6157B372-48C6-41F8-BCFE-C24D09386C9F}
		{37F2DC18-665A-4A35-B2D7-9B4923FD91F3} = {6157B372-48C6-41F8-BCFE-C24D09386C9F}
		{BCD721B8-722F-47EB-A115-6779311ACBBC} = {6157B372-48C6-41F8-BCFE-C24D09386C9F}
		{781B12C0-4053-48D5-A785-161E22FD30E4} = {6157B372-48C6-41F8-BCFE-C24D09386C9F}
		{B53DBDCA-5F70-4042-9E48-C3EF6FBB3740} = {6157B372-48C6-41F8-BCFE-C24D09386C9F}
		{23B99090-B9AD-460E-B92D-EF83F9BF87EC} = {6157B372-48C6-41F8-BCFE-C24D09386C9F}
		{14DE7087-F696-4CB0-A725-8E19CFBEEB25} = {6157B372-48C6-41F8-BCFE-C24D09386C9F}
		{C02C333F-36A3-438A-A7E4-F962D173514A} = {6157B372-48C6-41F8-BCFE-C24D09386C9F}
		{29FCF85E-CC55-4C7B-A832-6F29C422EE5D} = {6157B372-48C6-41F8-BCFE-C24D09386C9F}
		{3D7145B5-9DAD-4545-8EDA-2CEC7C7CD84D} = {6157B372-48C6-41F8-BCFE-C24D09386C9F}
		{9DFF95EF-2C66-4F6B-8C95-AA26085A1ACC} = {6157B372-48C6-41F8-BCFE-C24D09386C9F}
		{5C3A13A8-40A5-4561-80EA-FDD5A4C50C07} = {6157B372-48C6-41F8-BCFE-C24D09386C9F}
		{5A3459BD-CC93-419E-AAD8-E66ADF17C3AF} = {6157B372-48C6-41F8-BCFE-C24D09386C9F}
		{AB6DB19D-82C8-423B-A4EB-DBB4B63CE083} = {6157B372-48C6-41F8-BCFE-C24D09386C9F}
		{D42706DE-715E-463E-86B9-41287191DEEB} = {6157B372-48C6-41F8-BCFE-C24D09386C9F}
		{E197B320-67E5-4622-A864-4FAA221EF36E} = {6157B372-48C6-41F8-BCFE-C24D09386C9F}
	EndGlobalSection
EndGlobal
